// !$*UTF8*$!
{
	archiveVersion = 1;
	classes = {
	};
	objectVersion = 46;
	objects = {

/* Begin PBXBuildFile section */
		74426963236349FD0030A6D2 /* qppApiCtrl.m in Sources */ = {isa = PBXBuildFile; fileRef = 74426960236349FD0030A6D2 /* qppApiCtrl.m */; };
		74426964236349FD0030A6D2 /* QppApi.m in Sources */ = {isa = PBXBuildFile; fileRef = 74426962236349FD0030A6D2 /* QppApi.m */; };
		7442696823634D1A0030A6D2 /* QBleClient.m in Sources */ = {isa = PBXBuildFile; fileRef = 7442696723634D1A0030A6D2 /* QBleClient.m */; };
		7442696B23649ABE0030A6D2 /* DevicesCtrl.m in Sources */ = {isa = PBXBuildFile; fileRef = 7442696A23649ABE0030A6D2 /* DevicesCtrl.m */; };
		744269762365F2DF0030A6D2 /* Utils.m in Sources */ = {isa = PBXBuildFile; fileRef = 744269752365F2DF0030A6D2 /* Utils.m */; };
		7442697A2365F4AC0030A6D2 /* DeviceViewController.m in Sources */ = {isa = PBXBuildFile; fileRef = 744269772365F4AC0030A6D2 /* DeviceViewController.m */; };
		7442697B2365F4AC0030A6D2 /* DeviceViewController.xib in Resources */ = {isa = PBXBuildFile; fileRef = 744269782365F4AC0030A6D2 /* DeviceViewController.xib */; };
		74588DCE236C9F5500FCA60D /* QBlueVoLEViewController.m in Sources */ = {isa = PBXBuildFile; fileRef = 74588DCC236C9F5500FCA60D /* QBlueVoLEViewController.m */; };
		74588DCF236C9F5500FCA60D /* QBlueVoLEViewController.xib in Resources */ = {isa = PBXBuildFile; fileRef = 74588DCD236C9F5500FCA60D /* QBlueVoLEViewController.xib */; };
		7771B9D21981AEF4008C77F0 /* logo152x152.png in Resources */ = {isa = PBXBuildFile; fileRef = 7771B9D11981AEF4008C77F0 /* logo152x152.png */; };
		7771B9D41981B166008C77F0 /* logo76x76.png in Resources */ = {isa = PBXBuildFile; fileRef = 7771B9D31981B166008C77F0 /* logo76x76.png */; };
		7771B9D61981B1B4008C77F0 /* logo40x40.png in Resources */ = {isa = PBXBuildFile; fileRef = 7771B9D51981B1B4008C77F0 /* logo40x40.png */; };
		7771B9D81981B1B9008C77F0 /* logo80x80.png in Resources */ = {isa = PBXBuildFile; fileRef = 7771B9D71981B1B9008C77F0 /* logo80x80.png */; };
		7771B9DA1981B20E008C77F0 /* logo29x29.png in Resources */ = {isa = PBXBuildFile; fileRef = 7771B9D91981B20E008C77F0 /* logo29x29.png */; };
		7771B9DC1981B212008C77F0 /* logo58x58.png in Resources */ = {isa = PBXBuildFile; fileRef = 7771B9DB1981B212008C77F0 /* logo58x58.png */; };
		77767BD21C24F00A008CA39E /* ecg.txt in Resources */ = {isa = PBXBuildFile; fileRef = 77767BD11C24F00A008CA39E /* ecg.txt */; };
		7798F9321940EA770091463F /* GraphView2.m in Sources */ = {isa = PBXBuildFile; fileRef = 7798F9311940EA770091463F /* GraphView2.m */; };
		77FC259A194B68260002F4D1 /* Images.xcassets in Resources */ = {isa = PBXBuildFile; fileRef = 77FC2599194B68260002F4D1 /* Images.xcassets */; };
		B0405EAD18BB2E8300DCE148 /* VoLE Demo-Info.plist in Resources */ = {isa = PBXBuildFile; fileRef = B0405EAC18BB2E8300DCE148 /* VoLE Demo-Info.plist */; };
		B0405EB018BB2F9C00DCE148 /* QBlueVoLEAppDelegate.m in Sources */ = {isa = PBXBuildFile; fileRef = B0405EAF18BB2F9C00DCE148 /* QBlueVoLEAppDelegate.m */; };
		B0405EB218BB303600DCE148 /* MainWindow.xib in Resources */ = {isa = PBXBuildFile; fileRef = B0405EB118BB303600DCE148 /* MainWindow.xib */; };
		CF264208185B219D00EC0995 /* BleLogo.png in Resources */ = {isa = PBXBuildFile; fileRef = CF264200185B219D00EC0995 /* BleLogo.png */; };
		CF26420A185B219D00EC0995 /* Default-568h@2x.png in Resources */ = {isa = PBXBuildFile; fileRef = CF264202185B219D00EC0995 /* Default-568h@2x.png */; };
		CF26420D185B219D00EC0995 /* icon.png in Resources */ = {isa = PBXBuildFile; fileRef = CF264205185B219D00EC0995 /* icon.png */; };
		CF26420E185B219D00EC0995 /* icon@2x.png in Resources */ = {isa = PBXBuildFile; fileRef = CF264206185B219D00EC0995 /* icon@2x.png */; };
		CF26420F185B219D00EC0995 /* quintic logo.png in Resources */ = {isa = PBXBuildFile; fileRef = CF264207185B219D00EC0995 /* quintic logo.png */; };
		CF57644E185E8629003A36EE /* button.png in Resources */ = {isa = PBXBuildFile; fileRef = CF57644B185E8629003A36EE /* button.png */; };
		CF57645A185E88ED003A36EE /* buttonB.png in Resources */ = {isa = PBXBuildFile; fileRef = CF576459185E88ED003A36EE /* buttonB.png */; };
		CF57645C185E890D003A36EE /* buttonR.png in Resources */ = {isa = PBXBuildFile; fileRef = CF57645B185E890D003A36EE /* buttonR.png */; };
		CF57645D185E9171003A36EE /* Default@2x.png in Resources */ = {isa = PBXBuildFile; fileRef = CF576455185E880C003A36EE /* Default@2x.png */; };
		CF576482185ED015003A36EE /* SystemConfiguration.framework in Frameworks */ = {isa = PBXBuildFile; fileRef = CF576481185ED015003A36EE /* SystemConfiguration.framework */; };
		CF61D0F4186179710021EBD4 /* voleMainBg.png in Resources */ = {isa = PBXBuildFile; fileRef = CF61D0F3186179710021EBD4 /* voleMainBg.png */; };
		CF61D0F618617A300021EBD4 /* navBar.png in Resources */ = {isa = PBXBuildFile; fileRef = CF61D0F518617A300021EBD4 /* navBar.png */; };
		CF6D44D4185C534700AC1F78 /* AVFoundation.framework in Frameworks */ = {isa = PBXBuildFile; fileRef = CFC12BCA17C5FE9D00DD9AC5 /* AVFoundation.framework */; };
		CF6D44D5185C535300AC1F78 /* MediaPlayer.framework in Frameworks */ = {isa = PBXBuildFile; fileRef = CF8E810B17CF1D2700227CF5 /* MediaPlayer.framework */; };
		CF8E810E17CF1EBF00227CF5 /* CoreGraphics.framework in Frameworks */ = {isa = PBXBuildFile; fileRef = CF8E810D17CF1EBF00227CF5 /* CoreGraphics.framework */; };
		CFA007371862D5D1007FF5A8 /* Default.png in Resources */ = {isa = PBXBuildFile; fileRef = CFA007361862D5D1007FF5A8 /* Default.png */; };
		CFA007391862D6A9007FF5A8 /* Default.png in Resources */ = {isa = PBXBuildFile; fileRef = CFA007381862D6A9007FF5A8 /* Default.png */; };
		CFC1BE4F185DD71200C54512 /* Foundation.framework in Frameworks */ = {isa = PBXBuildFile; fileRef = CFC1BE4E185DD71200C54512 /* Foundation.framework */; };
		CFEA1B7617CEF14C00AF15AA /* CFNetwork.framework in Frameworks */ = {isa = PBXBuildFile; fileRef = CFEA1B7517CEF14C00AF15AA /* CFNetwork.framework */; };
		CFEA1B7817CEF18000AF15AA /* AudioToolbox.framework in Frameworks */ = {isa = PBXBuildFile; fileRef = CFEA1B7717CEF18000AF15AA /* AudioToolbox.framework */; };
		CFF12C8E185B0E480092E95D /* QBlueClient.m in Sources */ = {isa = PBXBuildFile; fileRef = CFF12C6F185B0E480092E95D /* QBlueClient.m */; };
		CFF12C8F185B0E480092E95D /* CustomAlertView.m in Sources */ = {isa = PBXBuildFile; fileRef = CFF12C72185B0E480092E95D /* CustomAlertView.m */; };
		CFF12C90185B0E480092E95D /* alert-black-button.png in Resources */ = {isa = PBXBuildFile; fileRef = CFF12C74185B0E480092E95D /* alert-black-button.png */; };
		CFF12C91185B0E480092E95D /* alert-black-button@2x.png in Resources */ = {isa = PBXBuildFile; fileRef = CFF12C75185B0E480092E95D /* alert-black-button@2x.png */; };
		CFF12C92185B0E480092E95D /* alert-gray-button.png in Resources */ = {isa = PBXBuildFile; fileRef = CFF12C76185B0E480092E95D /* alert-gray-button.png */; };
		CFF12C93185B0E480092E95D /* alert-gray-button@2x.png in Resources */ = {isa = PBXBuildFile; fileRef = CFF12C77185B0E480092E95D /* alert-gray-button@2x.png */; };
		CFF12C94185B0E480092E95D /* alert-red-button.png in Resources */ = {isa = PBXBuildFile; fileRef = CFF12C78185B0E480092E95D /* alert-red-button.png */; };
		CFF12C95185B0E480092E95D /* alert-red-button@2x.png in Resources */ = {isa = PBXBuildFile; fileRef = CFF12C79185B0E480092E95D /* alert-red-button@2x.png */; };
		CFF12C96185B0E480092E95D /* alert-window.png in Resources */ = {isa = PBXBuildFile; fileRef = CFF12C7A185B0E480092E95D /* alert-window.png */; };
		CFF12C97185B0E480092E95D /* alert-window@2x.png in Resources */ = {isa = PBXBuildFile; fileRef = CFF12C7B185B0E480092E95D /* alert-window@2x.png */; };
		CFF12C98185B0E480092E95D /* TableViewAlertBackground.png in Resources */ = {isa = PBXBuildFile; fileRef = CFF12C7E185B0E480092E95D /* TableViewAlertBackground.png */; };
		CFF12C99185B0E480092E95D /* TableViewAlertBackground@2x.png in Resources */ = {isa = PBXBuildFile; fileRef = CFF12C7F185B0E480092E95D /* TableViewAlertBackground@2x.png */; };
		CFF12C9A185B0E480092E95D /* TableViewAlertButton.png in Resources */ = {isa = PBXBuildFile; fileRef = CFF12C80185B0E480092E95D /* TableViewAlertButton.png */; };
		CFF12C9B185B0E480092E95D /* TableViewAlertButton@2x.png in Resources */ = {isa = PBXBuildFile; fileRef = CFF12C81185B0E480092E95D /* TableViewAlertButton@2x.png */; };
		CFF12C9C185B0E480092E95D /* TableViewAlertButtonPressed.png in Resources */ = {isa = PBXBuildFile; fileRef = CFF12C82185B0E480092E95D /* TableViewAlertButtonPressed.png */; };
		CFF12C9D185B0E480092E95D /* TableViewAlertButtonPressed@2x.png in Resources */ = {isa = PBXBuildFile; fileRef = CFF12C83185B0E480092E95D /* TableViewAlertButtonPressed@2x.png */; };
		CFF12C9E185B0E480092E95D /* TableViewAlertShadowMask.png in Resources */ = {isa = PBXBuildFile; fileRef = CFF12C84185B0E480092E95D /* TableViewAlertShadowMask.png */; };
		CFF12C9F185B0E480092E95D /* TableViewAlertShadowMask@2x.png in Resources */ = {isa = PBXBuildFile; fileRef = CFF12C85185B0E480092E95D /* TableViewAlertShadowMask@2x.png */; };
		CFF12CA0185B0E480092E95D /* TableViewAlert.m in Sources */ = {isa = PBXBuildFile; fileRef = CFF12C87185B0E480092E95D /* TableViewAlert.m */; };
		CFF12CB2185B0F6A0092E95D /* main.m in Sources */ = {isa = PBXBuildFile; fileRef = CFF12CB0185B0F6A0092E95D /* main.m */; };
		CFF12CB8185B12FB0092E95D /* QuartzCore.framework in Frameworks */ = {isa = PBXBuildFile; fileRef = CFF12CB7185B12FB0092E95D /* QuartzCore.framework */; };
		D509E0FB18CEBC5D001FA6B2 /* LinearDimensionsLogo.png in Resources */ = {isa = PBXBuildFile; fileRef = D509E0FA18CEBC5D001FA6B2 /* LinearDimensionsLogo.png */; };
		D509E10618CEC4FC001FA6B2 /* GraphView1.m in Sources */ = {isa = PBXBuildFile; fileRef = D509E10518CEC4FC001FA6B2 /* GraphView1.m */; };
		F07370D3177AC233003CEA97 /* UIKit.framework in Frameworks */ = {isa = PBXBuildFile; fileRef = F07370D2177AC233003CEA97 /* UIKit.framework */; };
		F07370D5177AC242003CEA97 /* CoreBluetooth.framework in Frameworks */ = {isa = PBXBuildFile; fileRef = F07370D4177AC242003CEA97 /* CoreBluetooth.framework */; };
/* End PBXBuildFile section */

/* Begin PBXFileReference section */
		449EC7C613F9A3110074C363 /* IOBluetooth.framework */ = {isa = PBXFileReference; lastKnownFileType = wrapper.framework; name = IOBluetooth.framework; path = /System/Library/Frameworks/IOBluetooth.framework; sourceTree = "<absolute>"; };
		44B0264A13F5D44000541EA5 /* Cocoa.framework */ = {isa = PBXFileReference; lastKnownFileType = wrapper.framework; name = Cocoa.framework; path = System/Library/Frameworks/Cocoa.framework; sourceTree = SDKROOT; };
		44B0264D13F5D44000541EA5 /* AppKit.framework */ = {isa = PBXFileReference; lastKnownFileType = wrapper.framework; name = AppKit.framework; path = System/Library/Frameworks/AppKit.framework; sourceTree = SDKROOT; };
		44B0264E13F5D44000541EA5 /* CoreData.framework */ = {isa = PBXFileReference; lastKnownFileType = wrapper.framework; name = CoreData.framework; path = System/Library/Frameworks/CoreData.framework; sourceTree = SDKROOT; };
		7442695F236349FD0030A6D2 /* QppApi.h */ = {isa = PBXFileReference; fileEncoding = 4; lastKnownFileType = sourcecode.c.h; path = QppApi.h; sourceTree = "<group>"; };
		74426960236349FD0030A6D2 /* qppApiCtrl.m */ = {isa = PBXFileReference; fileEncoding = 4; lastKnownFileType = sourcecode.c.objc; path = qppApiCtrl.m; sourceTree = "<group>"; };
		74426961236349FD0030A6D2 /* qppApiCtrl.h */ = {isa = PBXFileReference; fileEncoding = 4; lastKnownFileType = sourcecode.c.h; path = qppApiCtrl.h; sourceTree = "<group>"; };
		74426962236349FD0030A6D2 /* QppApi.m */ = {isa = PBXFileReference; fileEncoding = 4; lastKnownFileType = sourcecode.c.objc; path = QppApi.m; sourceTree = "<group>"; };
		7442696623634D1A0030A6D2 /* QBleClient.h */ = {isa = PBXFileReference; fileEncoding = 4; lastKnownFileType = sourcecode.c.h; path = QBleClient.h; sourceTree = "<group>"; };
		7442696723634D1A0030A6D2 /* QBleClient.m */ = {isa = PBXFileReference; fileEncoding = 4; lastKnownFileType = sourcecode.c.objc; path = QBleClient.m; sourceTree = "<group>"; };
		7442696923649ABE0030A6D2 /* DevicesCtrl.h */ = {isa = PBXFileReference; fileEncoding = 4; lastKnownFileType = sourcecode.c.h; path = DevicesCtrl.h; sourceTree = "<group>"; };
		7442696A23649ABE0030A6D2 /* DevicesCtrl.m */ = {isa = PBXFileReference; fileEncoding = 4; lastKnownFileType = sourcecode.c.objc; path = DevicesCtrl.m; sourceTree = "<group>"; };
		7442696C2365EEB50030A6D2 /* QppPublic.h */ = {isa = PBXFileReference; lastKnownFileType = sourcecode.c.h; path = QppPublic.h; sourceTree = "<group>"; };
		744269742365F2DF0030A6D2 /* Utils.h */ = {isa = PBXFileReference; fileEncoding = 4; lastKnownFileType = sourcecode.c.h; path = Utils.h; sourceTree = "<group>"; };
		744269752365F2DF0030A6D2 /* Utils.m */ = {isa = PBXFileReference; fileEncoding = 4; lastKnownFileType = sourcecode.c.objc; path = Utils.m; sourceTree = "<group>"; };
		744269772365F4AC0030A6D2 /* DeviceViewController.m */ = {isa = PBXFileReference; fileEncoding = 4; lastKnownFileType = sourcecode.c.objc; path = DeviceViewController.m; sourceTree = "<group>"; };
		744269782365F4AC0030A6D2 /* DeviceViewController.xib */ = {isa = PBXFileReference; fileEncoding = 4; lastKnownFileType = file.xib; path = DeviceViewController.xib; sourceTree = "<group>"; };
		744269792365F4AC0030A6D2 /* DeviceViewController.h */ = {isa = PBXFileReference; fileEncoding = 4; lastKnownFileType = sourcecode.c.h; path = DeviceViewController.h; sourceTree = "<group>"; };
		74588DCB236C9F5500FCA60D /* QBlueVoLEViewController.h */ = {isa = PBXFileReference; fileEncoding = 4; lastKnownFileType = sourcecode.c.h; name = QBlueVoLEViewController.h; path = "../../../../../.Trash/untitled folder/QBlueVoLEViewController.h"; sourceTree = "<group>"; };
		74588DCC236C9F5500FCA60D /* QBlueVoLEViewController.m */ = {isa = PBXFileReference; fileEncoding = 4; lastKnownFileType = sourcecode.c.objc; name = QBlueVoLEViewController.m; path = "../../../../../.Trash/untitled folder/QBlueVoLEViewController.m"; sourceTree = "<group>"; };
		74588DCD236C9F5500FCA60D /* QBlueVoLEViewController.xib */ = {isa = PBXFileReference; fileEncoding = 4; lastKnownFileType = file.xib; path = QBlueVoLEViewController.xib; sourceTree = "<group>"; };
		76445A4B166E505300C529E9 /* Extract.app */ = {isa = PBXFileReference; explicitFileType = wrapper.application; includeInIndex = 0; path = Extract.app; sourceTree = BUILT_PRODUCTS_DIR; };
		7771B9D11981AEF4008C77F0 /* logo152x152.png */ = {isa = PBXFileReference; lastKnownFileType = image.png; path = logo152x152.png; sourceTree = "<group>"; };
		7771B9D31981B166008C77F0 /* logo76x76.png */ = {isa = PBXFileReference; lastKnownFileType = image.png; path = logo76x76.png; sourceTree = "<group>"; };
		7771B9D51981B1B4008C77F0 /* logo40x40.png */ = {isa = PBXFileReference; lastKnownFileType = image.png; path = logo40x40.png; sourceTree = "<group>"; };
		7771B9D71981B1B9008C77F0 /* logo80x80.png */ = {isa = PBXFileReference; lastKnownFileType = image.png; path = logo80x80.png; sourceTree = "<group>"; };
		7771B9D91981B20E008C77F0 /* logo29x29.png */ = {isa = PBXFileReference; lastKnownFileType = image.png; path = logo29x29.png; sourceTree = "<group>"; };
		7771B9DB1981B212008C77F0 /* logo58x58.png */ = {isa = PBXFileReference; lastKnownFileType = image.png; path = logo58x58.png; sourceTree = "<group>"; };
		77767BD11C24F00A008CA39E /* ecg.txt */ = {isa = PBXFileReference; fileEncoding = 4; lastKnownFileType = text; path = ecg.txt; sourceTree = "<group>"; };
		7798F92F1940E99C0091463F /* GraphViewDelegate2.h */ = {isa = PBXFileReference; lastKnownFileType = sourcecode.c.h; path = GraphViewDelegate2.h; sourceTree = "<group>"; };
		7798F9301940EA770091463F /* GraphView2.h */ = {isa = PBXFileReference; fileEncoding = 4; lastKnownFileType = sourcecode.c.h; path = GraphView2.h; sourceTree = "<group>"; };
		7798F9311940EA770091463F /* GraphView2.m */ = {isa = PBXFileReference; fileEncoding = 4; lastKnownFileType = sourcecode.c.objc; path = GraphView2.m; sourceTree = "<group>"; };
		77A0BEBC1C7E269100D47101 /* Constants.h */ = {isa = PBXFileReference; lastKnownFileType = sourcecode.c.h; path = Constants.h; sourceTree = "<group>"; };
		77FC2599194B68260002F4D1 /* Images.xcassets */ = {isa = PBXFileReference; lastKnownFileType = folder.assetcatalog; name = Images.xcassets; path = "VoLE Demo/Images.xcassets"; sourceTree = "<group>"; };
		B0405EAC18BB2E8300DCE148 /* VoLE Demo-Info.plist */ = {isa = PBXFileReference; fileEncoding = 4; lastKnownFileType = text.plist.xml; name = "VoLE Demo-Info.plist"; path = "Src/SupportingFiles/VoLE Demo-Info.plist"; sourceTree = SOURCE_ROOT; };
		B0405EAE18BB2F9C00DCE148 /* QBlueVoLEAppDelegate.h */ = {isa = PBXFileReference; fileEncoding = 4; lastKnownFileType = sourcecode.c.h; path = QBlueVoLEAppDelegate.h; sourceTree = "<group>"; };
		B0405EAF18BB2F9C00DCE148 /* QBlueVoLEAppDelegate.m */ = {isa = PBXFileReference; fileEncoding = 4; lastKnownFileType = sourcecode.c.objc; path = QBlueVoLEAppDelegate.m; sourceTree = "<group>"; };
		B0405EB118BB303600DCE148 /* MainWindow.xib */ = {isa = PBXFileReference; fileEncoding = 4; lastKnownFileType = file.xib; name = MainWindow.xib; path = Src/SupportingFiles/MainWindow.xib; sourceTree = SOURCE_ROOT; };
		B0405EB318BB5DDE00DCE148 /* VoLE Demo-Prefix.pch */ = {isa = PBXFileReference; fileEncoding = 4; lastKnownFileType = sourcecode.c.h; name = "VoLE Demo-Prefix.pch"; path = "Src/SupportingFiles/VoLE Demo-Prefix.pch"; sourceTree = SOURCE_ROOT; };
		CF264200185B219D00EC0995 /* BleLogo.png */ = {isa = PBXFileReference; lastKnownFileType = image.png; path = BleLogo.png; sourceTree = "<group>"; };
		CF264202185B219D00EC0995 /* Default-568h@2x.png */ = {isa = PBXFileReference; lastKnownFileType = image.png; path = "Default-568h@2x.png"; sourceTree = "<group>"; };
		CF264205185B219D00EC0995 /* icon.png */ = {isa = PBXFileReference; lastKnownFileType = image.png; path = icon.png; sourceTree = "<group>"; };
		CF264206185B219D00EC0995 /* icon@2x.png */ = {isa = PBXFileReference; lastKnownFileType = image.png; path = "icon@2x.png"; sourceTree = "<group>"; };
		CF264207185B219D00EC0995 /* quintic logo.png */ = {isa = PBXFileReference; lastKnownFileType = image.png; path = "quintic logo.png"; sourceTree = "<group>"; };
		CF57644B185E8629003A36EE /* button.png */ = {isa = PBXFileReference; lastKnownFileType = image.png; path = button.png; sourceTree = "<group>"; };
		CF576455185E880C003A36EE /* Default@2x.png */ = {isa = PBXFileReference; lastKnownFileType = image.png; name = "Default@2x.png"; path = "../Default@2x.png"; sourceTree = "<group>"; };
		CF576459185E88ED003A36EE /* buttonB.png */ = {isa = PBXFileReference; lastKnownFileType = image.png; path = buttonB.png; sourceTree = "<group>"; };
		CF57645B185E890D003A36EE /* buttonR.png */ = {isa = PBXFileReference; lastKnownFileType = image.png; path = buttonR.png; sourceTree = "<group>"; };
		CF576465185E9886003A36EE /* QBlueDefine.h */ = {isa = PBXFileReference; fileEncoding = 4; lastKnownFileType = sourcecode.c.h; name = QBlueDefine.h; path = Src/Public/VC/QBlueDefine.h; sourceTree = SOURCE_ROOT; };
		CF576481185ED015003A36EE /* SystemConfiguration.framework */ = {isa = PBXFileReference; lastKnownFileType = wrapper.framework; name = SystemConfiguration.framework; path = Platforms/iPhoneOS.platform/Developer/SDKs/iPhoneOS6.1.sdk/System/Library/Frameworks/SystemConfiguration.framework; sourceTree = DEVELOPER_DIR; };
		CF61D0F3186179710021EBD4 /* voleMainBg.png */ = {isa = PBXFileReference; lastKnownFileType = image.png; path = voleMainBg.png; sourceTree = "<group>"; };
		CF61D0F518617A300021EBD4 /* navBar.png */ = {isa = PBXFileReference; lastKnownFileType = image.png; path = navBar.png; sourceTree = "<group>"; };
		CF8E810B17CF1D2700227CF5 /* MediaPlayer.framework */ = {isa = PBXFileReference; lastKnownFileType = wrapper.framework; name = MediaPlayer.framework; path = Platforms/iPhoneOS.platform/Developer/SDKs/iPhoneOS6.1.sdk/System/Library/Frameworks/MediaPlayer.framework; sourceTree = DEVELOPER_DIR; };
		CF8E810D17CF1EBF00227CF5 /* CoreGraphics.framework */ = {isa = PBXFileReference; lastKnownFileType = wrapper.framework; name = CoreGraphics.framework; path = Platforms/iPhoneOS.platform/Developer/SDKs/iPhoneOS6.1.sdk/System/Library/Frameworks/CoreGraphics.framework; sourceTree = DEVELOPER_DIR; };
		CFA007361862D5D1007FF5A8 /* Default.png */ = {isa = PBXFileReference; lastKnownFileType = image.png; path = Default.png; sourceTree = "<group>"; };
		CFA007381862D6A9007FF5A8 /* Default.png */ = {isa = PBXFileReference; lastKnownFileType = image.png; path = Default.png; sourceTree = "<group>"; };
		CFC12BCA17C5FE9D00DD9AC5 /* AVFoundation.framework */ = {isa = PBXFileReference; lastKnownFileType = wrapper.framework; name = AVFoundation.framework; path = Platforms/iPhoneOS.platform/Developer/SDKs/iPhoneOS6.1.sdk/System/Library/Frameworks/AVFoundation.framework; sourceTree = DEVELOPER_DIR; };
		CFC1BE4E185DD71200C54512 /* Foundation.framework */ = {isa = PBXFileReference; lastKnownFileType = wrapper.framework; name = Foundation.framework; path = Platforms/iPhoneOS.platform/Developer/SDKs/iPhoneOS6.1.sdk/System/Library/Frameworks/Foundation.framework; sourceTree = DEVELOPER_DIR; };
		CFEA1B7517CEF14C00AF15AA /* CFNetwork.framework */ = {isa = PBXFileReference; lastKnownFileType = wrapper.framework; name = CFNetwork.framework; path = Platforms/iPhoneOS.platform/Developer/SDKs/iPhoneOS6.1.sdk/System/Library/Frameworks/CFNetwork.framework; sourceTree = DEVELOPER_DIR; };
		CFEA1B7717CEF18000AF15AA /* AudioToolbox.framework */ = {isa = PBXFileReference; lastKnownFileType = wrapper.framework; name = AudioToolbox.framework; path = Platforms/iPhoneOS.platform/Developer/SDKs/iPhoneOS6.1.sdk/System/Library/Frameworks/AudioToolbox.framework; sourceTree = DEVELOPER_DIR; };
		CFF12C6E185B0E480092E95D /* QBlueClient.h */ = {isa = PBXFileReference; fileEncoding = 4; lastKnownFileType = sourcecode.c.h; path = QBlueClient.h; sourceTree = "<group>"; };
		CFF12C6F185B0E480092E95D /* QBlueClient.m */ = {isa = PBXFileReference; fileEncoding = 4; lastKnownFileType = sourcecode.c.objc; path = QBlueClient.m; sourceTree = "<group>"; };
		CFF12C71185B0E480092E95D /* CustomAlertView.h */ = {isa = PBXFileReference; fileEncoding = 4; lastKnownFileType = sourcecode.c.h; path = CustomAlertView.h; sourceTree = "<group>"; };
		CFF12C72185B0E480092E95D /* CustomAlertView.m */ = {isa = PBXFileReference; fileEncoding = 4; lastKnownFileType = sourcecode.c.objc; path = CustomAlertView.m; sourceTree = "<group>"; };
		CFF12C74185B0E480092E95D /* alert-black-button.png */ = {isa = PBXFileReference; lastKnownFileType = image.png; path = "alert-black-button.png"; sourceTree = "<group>"; };
		CFF12C75185B0E480092E95D /* alert-black-button@2x.png */ = {isa = PBXFileReference; lastKnownFileType = image.png; path = "alert-black-button@2x.png"; sourceTree = "<group>"; };
		CFF12C76185B0E480092E95D /* alert-gray-button.png */ = {isa = PBXFileReference; lastKnownFileType = image.png; path = "alert-gray-button.png"; sourceTree = "<group>"; };
		CFF12C77185B0E480092E95D /* alert-gray-button@2x.png */ = {isa = PBXFileReference; lastKnownFileType = image.png; path = "alert-gray-button@2x.png"; sourceTree = "<group>"; };
		CFF12C78185B0E480092E95D /* alert-red-button.png */ = {isa = PBXFileReference; lastKnownFileType = image.png; path = "alert-red-button.png"; sourceTree = "<group>"; };
		CFF12C79185B0E480092E95D /* alert-red-button@2x.png */ = {isa = PBXFileReference; lastKnownFileType = image.png; path = "alert-red-button@2x.png"; sourceTree = "<group>"; };
		CFF12C7A185B0E480092E95D /* alert-window.png */ = {isa = PBXFileReference; lastKnownFileType = image.png; path = "alert-window.png"; sourceTree = "<group>"; };
		CFF12C7B185B0E480092E95D /* alert-window@2x.png */ = {isa = PBXFileReference; lastKnownFileType = image.png; path = "alert-window@2x.png"; sourceTree = "<group>"; };
		CFF12C7E185B0E480092E95D /* TableViewAlertBackground.png */ = {isa = PBXFileReference; lastKnownFileType = image.png; path = TableViewAlertBackground.png; sourceTree = "<group>"; };
		CFF12C7F185B0E480092E95D /* TableViewAlertBackground@2x.png */ = {isa = PBXFileReference; lastKnownFileType = image.png; path = "TableViewAlertBackground@2x.png"; sourceTree = "<group>"; };
		CFF12C80185B0E480092E95D /* TableViewAlertButton.png */ = {isa = PBXFileReference; lastKnownFileType = image.png; path = TableViewAlertButton.png; sourceTree = "<group>"; };
		CFF12C81185B0E480092E95D /* TableViewAlertButton@2x.png */ = {isa = PBXFileReference; lastKnownFileType = image.png; path = "TableViewAlertButton@2x.png"; sourceTree = "<group>"; };
		CFF12C82185B0E480092E95D /* TableViewAlertButtonPressed.png */ = {isa = PBXFileReference; lastKnownFileType = image.png; path = TableViewAlertButtonPressed.png; sourceTree = "<group>"; };
		CFF12C83185B0E480092E95D /* TableViewAlertButtonPressed@2x.png */ = {isa = PBXFileReference; lastKnownFileType = image.png; path = "TableViewAlertButtonPressed@2x.png"; sourceTree = "<group>"; };
		CFF12C84185B0E480092E95D /* TableViewAlertShadowMask.png */ = {isa = PBXFileReference; lastKnownFileType = image.png; path = TableViewAlertShadowMask.png; sourceTree = "<group>"; };
		CFF12C85185B0E480092E95D /* TableViewAlertShadowMask@2x.png */ = {isa = PBXFileReference; lastKnownFileType = image.png; path = "TableViewAlertShadowMask@2x.png"; sourceTree = "<group>"; };
		CFF12C86185B0E480092E95D /* TableViewAlert.h */ = {isa = PBXFileReference; fileEncoding = 4; lastKnownFileType = sourcecode.c.h; path = TableViewAlert.h; sourceTree = "<group>"; };
		CFF12C87185B0E480092E95D /* TableViewAlert.m */ = {isa = PBXFileReference; fileEncoding = 4; lastKnownFileType = sourcecode.c.objc; path = TableViewAlert.m; sourceTree = "<group>"; };
		CFF12CB0185B0F6A0092E95D /* main.m */ = {isa = PBXFileReference; fileEncoding = 4; lastKnownFileType = sourcecode.c.objc; name = main.m; path = Src/SupportingFiles/main.m; sourceTree = SOURCE_ROOT; };
		CFF12CB7185B12FB0092E95D /* QuartzCore.framework */ = {isa = PBXFileReference; lastKnownFileType = wrapper.framework; name = QuartzCore.framework; path = Platforms/iPhoneOS.platform/Developer/SDKs/iPhoneOS6.1.sdk/System/Library/Frameworks/QuartzCore.framework; sourceTree = DEVELOPER_DIR; };
		D509E0FA18CEBC5D001FA6B2 /* LinearDimensionsLogo.png */ = {isa = PBXFileReference; lastKnownFileType = image.png; path = LinearDimensionsLogo.png; sourceTree = "<group>"; };
		D509E10418CEC4FC001FA6B2 /* GraphView1.h */ = {isa = PBXFileReference; fileEncoding = 4; lastKnownFileType = sourcecode.c.h; path = GraphView1.h; sourceTree = "<group>"; };
		D509E10518CEC4FC001FA6B2 /* GraphView1.m */ = {isa = PBXFileReference; fileEncoding = 4; lastKnownFileType = sourcecode.c.objc; path = GraphView1.m; sourceTree = "<group>"; };
		D509E10718CEC5B4001FA6B2 /* GraphViewDelegate1.h */ = {isa = PBXFileReference; lastKnownFileType = sourcecode.c.h; path = GraphViewDelegate1.h; sourceTree = "<group>"; };
		F07370D2177AC233003CEA97 /* UIKit.framework */ = {isa = PBXFileReference; lastKnownFileType = wrapper.framework; name = UIKit.framework; path = Platforms/iPhoneOS.platform/Developer/SDKs/iPhoneOS6.1.sdk/System/Library/Frameworks/UIKit.framework; sourceTree = DEVELOPER_DIR; };
		F07370D4177AC242003CEA97 /* CoreBluetooth.framework */ = {isa = PBXFileReference; lastKnownFileType = wrapper.framework; name = CoreBluetooth.framework; path = Platforms/iPhoneOS.platform/Developer/SDKs/iPhoneOS6.1.sdk/System/Library/Frameworks/CoreBluetooth.framework; sourceTree = DEVELOPER_DIR; };
/* End PBXFileReference section */

/* Begin PBXFrameworksBuildPhase section */
		76445A48166E505300C529E9 /* Frameworks */ = {
			isa = PBXFrameworksBuildPhase;
			buildActionMask = 2147483647;
			files = (
				CF576482185ED015003A36EE /* SystemConfiguration.framework in Frameworks */,
				CFC1BE4F185DD71200C54512 /* Foundation.framework in Frameworks */,
				CF6D44D5185C535300AC1F78 /* MediaPlayer.framework in Frameworks */,
				CF6D44D4185C534700AC1F78 /* AVFoundation.framework in Frameworks */,
				CFF12CB8185B12FB0092E95D /* QuartzCore.framework in Frameworks */,
				CF8E810E17CF1EBF00227CF5 /* CoreGraphics.framework in Frameworks */,
				CFEA1B7817CEF18000AF15AA /* AudioToolbox.framework in Frameworks */,
				CFEA1B7617CEF14C00AF15AA /* CFNetwork.framework in Frameworks */,
				F07370D5177AC242003CEA97 /* CoreBluetooth.framework in Frameworks */,
				F07370D3177AC233003CEA97 /* UIKit.framework in Frameworks */,
			);
			runOnlyForDeploymentPostprocessing = 0;
		};
/* End PBXFrameworksBuildPhase section */

/* Begin PBXGroup section */
		44B0263B13F5D44000541EA5 = {
			isa = PBXGroup;
			children = (
				77767BD11C24F00A008CA39E /* ecg.txt */,
				77FC2599194B68260002F4D1 /* Images.xcassets */,
				CFA007361862D5D1007FF5A8 /* Default.png */,
				CF2641FF185B219D00EC0995 /* Res */,
				CFF12C6D185B0E480092E95D /* BLE */,
				CFF12C70185B0E480092E95D /* CustomAlertView */,
				CFF12C7C185B0E480092E95D /* TableViewAlert */,
				CFF12C88185B0E480092E95D /* VoLE */,
				76445A54166E505300C529E9 /* SupportingFiles */,
				44B0264913F5D44000541EA5 /* Frameworks */,
				44B0264713F5D44000541EA5 /* Products */,
			);
			sourceTree = "<group>";
		};
		44B0264713F5D44000541EA5 /* Products */ = {
			isa = PBXGroup;
			children = (
				76445A4B166E505300C529E9 /* Extract.app */,
			);
			name = Products;
			sourceTree = "<group>";
		};
		44B0264913F5D44000541EA5 /* Frameworks */ = {
			isa = PBXGroup;
			children = (
				CF576481185ED015003A36EE /* SystemConfiguration.framework */,
				CFC1BE4E185DD71200C54512 /* Foundation.framework */,
				CFF12CB7185B12FB0092E95D /* QuartzCore.framework */,
				CF8E810D17CF1EBF00227CF5 /* CoreGraphics.framework */,
				CF8E810B17CF1D2700227CF5 /* MediaPlayer.framework */,
				CFEA1B7717CEF18000AF15AA /* AudioToolbox.framework */,
				CFEA1B7517CEF14C00AF15AA /* CFNetwork.framework */,
				CFC12BCA17C5FE9D00DD9AC5 /* AVFoundation.framework */,
				F07370D2177AC233003CEA97 /* UIKit.framework */,
				F07370D4177AC242003CEA97 /* CoreBluetooth.framework */,
				449EC7C613F9A3110074C363 /* IOBluetooth.framework */,
				44B0264A13F5D44000541EA5 /* Cocoa.framework */,
				44B0264C13F5D44000541EA5 /* Other Frameworks */,
			);
			name = Frameworks;
			sourceTree = "<group>";
		};
		44B0264C13F5D44000541EA5 /* Other Frameworks */ = {
			isa = PBXGroup;
			children = (
				44B0264D13F5D44000541EA5 /* AppKit.framework */,
				44B0264E13F5D44000541EA5 /* CoreData.framework */,
			);
			name = "Other Frameworks";
			sourceTree = "<group>";
		};
		7442696523634A0D0030A6D2 /* LibQPP */ = {
			isa = PBXGroup;
			children = (
				7442695F236349FD0030A6D2 /* QppApi.h */,
				74426962236349FD0030A6D2 /* QppApi.m */,
				74426961236349FD0030A6D2 /* qppApiCtrl.h */,
				74426960236349FD0030A6D2 /* qppApiCtrl.m */,
				7442696923649ABE0030A6D2 /* DevicesCtrl.h */,
				7442696A23649ABE0030A6D2 /* DevicesCtrl.m */,
				7442696C2365EEB50030A6D2 /* QppPublic.h */,
			);
			path = LibQPP;
			sourceTree = "<group>";
		};
		76445A54166E505300C529E9 /* SupportingFiles */ = {
			isa = PBXGroup;
			children = (
				B0405EB318BB5DDE00DCE148 /* VoLE Demo-Prefix.pch */,
				B0405EAC18BB2E8300DCE148 /* VoLE Demo-Info.plist */,
				B0405EB118BB303600DCE148 /* MainWindow.xib */,
				CFF12CB0185B0F6A0092E95D /* main.m */,
			);
			name = SupportingFiles;
			path = iOS;
			sourceTree = "<group>";
		};
		CF2641FF185B219D00EC0995 /* Res */ = {
			isa = PBXGroup;
			children = (
				CF61D0F518617A300021EBD4 /* navBar.png */,
				CF61D0F3186179710021EBD4 /* voleMainBg.png */,
				CF264202185B219D00EC0995 /* Default-568h@2x.png */,
				CF576455185E880C003A36EE /* Default@2x.png */,
				CFA007381862D6A9007FF5A8 /* Default.png */,
				CF57645B185E890D003A36EE /* buttonR.png */,
				CF576459185E88ED003A36EE /* buttonB.png */,
				CF57644B185E8629003A36EE /* button.png */,
				D509E0FA18CEBC5D001FA6B2 /* LinearDimensionsLogo.png */,
				CF264200185B219D00EC0995 /* BleLogo.png */,
				7771B9D11981AEF4008C77F0 /* logo152x152.png */,
				7771B9D71981B1B9008C77F0 /* logo80x80.png */,
				7771B9D31981B166008C77F0 /* logo76x76.png */,
				7771B9DB1981B212008C77F0 /* logo58x58.png */,
				7771B9D51981B1B4008C77F0 /* logo40x40.png */,
				7771B9D91981B20E008C77F0 /* logo29x29.png */,
				CF264205185B219D00EC0995 /* icon.png */,
				CF264206185B219D00EC0995 /* icon@2x.png */,
				CF264207185B219D00EC0995 /* quintic logo.png */,
				7442696523634A0D0030A6D2 /* LibQPP */,
			);
			path = Res;
			sourceTree = "<group>";
		};
		CFF12C6D185B0E480092E95D /* BLE */ = {
			isa = PBXGroup;
			children = (
				7442696623634D1A0030A6D2 /* QBleClient.h */,
				7442696723634D1A0030A6D2 /* QBleClient.m */,
				CFF12C6E185B0E480092E95D /* QBlueClient.h */,
				CFF12C6F185B0E480092E95D /* QBlueClient.m */,
			);
			name = BLE;
			path = Src/BLE;
			sourceTree = "<group>";
		};
		CFF12C70185B0E480092E95D /* CustomAlertView */ = {
			isa = PBXGroup;
			children = (
				CFF12C71185B0E480092E95D /* CustomAlertView.h */,
				CFF12C72185B0E480092E95D /* CustomAlertView.m */,
				CFF12C73185B0E480092E95D /* res */,
			);
			name = CustomAlertView;
			path = Src/CustomAlertView;
			sourceTree = "<group>";
		};
		CFF12C73185B0E480092E95D /* res */ = {
			isa = PBXGroup;
			children = (
				CFF12C74185B0E480092E95D /* alert-black-button.png */,
				CFF12C75185B0E480092E95D /* alert-black-button@2x.png */,
				CFF12C76185B0E480092E95D /* alert-gray-button.png */,
				CFF12C77185B0E480092E95D /* alert-gray-button@2x.png */,
				CFF12C78185B0E480092E95D /* alert-red-button.png */,
				CFF12C79185B0E480092E95D /* alert-red-button@2x.png */,
				CFF12C7A185B0E480092E95D /* alert-window.png */,
				CFF12C7B185B0E480092E95D /* alert-window@2x.png */,
			);
			path = res;
			sourceTree = "<group>";
		};
		CFF12C7C185B0E480092E95D /* TableViewAlert */ = {
			isa = PBXGroup;
			children = (
				CFF12C7D185B0E480092E95D /* Images */,
				CFF12C86185B0E480092E95D /* TableViewAlert.h */,
				CFF12C87185B0E480092E95D /* TableViewAlert.m */,
			);
			name = TableViewAlert;
			path = Src/TableViewAlert;
			sourceTree = "<group>";
		};
		CFF12C7D185B0E480092E95D /* Images */ = {
			isa = PBXGroup;
			children = (
				CFF12C7E185B0E480092E95D /* TableViewAlertBackground.png */,
				CFF12C7F185B0E480092E95D /* TableViewAlertBackground@2x.png */,
				CFF12C80185B0E480092E95D /* TableViewAlertButton.png */,
				CFF12C81185B0E480092E95D /* TableViewAlertButton@2x.png */,
				CFF12C82185B0E480092E95D /* TableViewAlertButtonPressed.png */,
				CFF12C83185B0E480092E95D /* TableViewAlertButtonPressed@2x.png */,
				CFF12C84185B0E480092E95D /* TableViewAlertShadowMask.png */,
				CFF12C85185B0E480092E95D /* TableViewAlertShadowMask@2x.png */,
			);
			path = Images;
			sourceTree = "<group>";
		};
		CFF12C88185B0E480092E95D /* VoLE */ = {
			isa = PBXGroup;
			children = (
				744269742365F2DF0030A6D2 /* Utils.h */,
				744269752365F2DF0030A6D2 /* Utils.m */,
				744269792365F4AC0030A6D2 /* DeviceViewController.h */,
				744269772365F4AC0030A6D2 /* DeviceViewController.m */,
				744269782365F4AC0030A6D2 /* DeviceViewController.xib */,
				B0405EAE18BB2F9C00DCE148 /* QBlueVoLEAppDelegate.h */,
				B0405EAF18BB2F9C00DCE148 /* QBlueVoLEAppDelegate.m */,
				CF576465185E9886003A36EE /* QBlueDefine.h */,
				D509E10418CEC4FC001FA6B2 /* GraphView1.h */,
				D509E10518CEC4FC001FA6B2 /* GraphView1.m */,
				7798F9301940EA770091463F /* GraphView2.h */,
				7798F9311940EA770091463F /* GraphView2.m */,
				D509E10718CEC5B4001FA6B2 /* GraphViewDelegate1.h */,
				7798F92F1940E99C0091463F /* GraphViewDelegate2.h */,
				77A0BEBC1C7E269100D47101 /* Constants.h */,
				74588DCB236C9F5500FCA60D /* QBlueVoLEViewController.h */,
				74588DCC236C9F5500FCA60D /* QBlueVoLEViewController.m */,
				74588DCD236C9F5500FCA60D /* QBlueVoLEViewController.xib */,
			);
			name = VoLE;
			path = Src/VoLE;
			sourceTree = "<group>";
		};
/* End PBXGroup section */

/* Begin PBXNativeTarget section */
		76445A4A166E505300C529E9 /* VoLE Demo */ = {
			isa = PBXNativeTarget;
			buildConfigurationList = 76445A67166E505300C529E9 /* Build configuration list for PBXNativeTarget "VoLE Demo" */;
			buildPhases = (
				76445A47166E505300C529E9 /* Sources */,
				76445A48166E505300C529E9 /* Frameworks */,
				76445A49166E505300C529E9 /* Resources */,
			);
			buildRules = (
			);
			dependencies = (
			);
			name = "VoLE Demo";
			productName = iOS;
			productReference = 76445A4B166E505300C529E9 /* Extract.app */;
			productType = "com.apple.product-type.application";
		};
/* End PBXNativeTarget section */

/* Begin PBXProject section */
		44B0263D13F5D44000541EA5 /* Project object */ = {
			isa = PBXProject;
			attributes = {
				LastUpgradeCheck = 0720;
				ORGANIZATIONNAME = "Apple Inc.";
				TargetAttributes = {
					76445A4A166E505300C529E9 = {
						DevelopmentTeam = 42V3K896X5;
					};
				};
			};
			buildConfigurationList = 44B0264013F5D44000541EA5 /* Build configuration list for PBXProject "VoLE Demo" */;
			compatibilityVersion = "Xcode 3.2";
			developmentRegion = English;
			hasScannedForEncodings = 0;
			knownRegions = (
				English,
				en,
			);
			mainGroup = 44B0263B13F5D44000541EA5;
			productRefGroup = 44B0264713F5D44000541EA5 /* Products */;
			projectDirPath = "";
			projectRoot = "";
			targets = (
				76445A4A166E505300C529E9 /* VoLE Demo */,
			);
		};
/* End PBXProject section */

/* Begin PBXResourcesBuildPhase section */
		76445A49166E505300C529E9 /* Resources */ = {
			isa = PBXResourcesBuildPhase;
			buildActionMask = 2147483647;
			files = (
				CFF12C90185B0E480092E95D /* alert-black-button.png in Resources */,
				CFF12C91185B0E480092E95D /* alert-black-button@2x.png in Resources */,
				CFF12C92185B0E480092E95D /* alert-gray-button.png in Resources */,
				CFF12C93185B0E480092E95D /* alert-gray-button@2x.png in Resources */,
				CFF12C94185B0E480092E95D /* alert-red-button.png in Resources */,
				CFF12C95185B0E480092E95D /* alert-red-button@2x.png in Resources */,
				77767BD21C24F00A008CA39E /* ecg.txt in Resources */,
				7771B9DC1981B212008C77F0 /* logo58x58.png in Resources */,
				CFF12C96185B0E480092E95D /* alert-window.png in Resources */,
				CFF12C97185B0E480092E95D /* alert-window@2x.png in Resources */,
				CFF12C98185B0E480092E95D /* TableViewAlertBackground.png in Resources */,
				CFF12C99185B0E480092E95D /* TableViewAlertBackground@2x.png in Resources */,
				CFF12C9A185B0E480092E95D /* TableViewAlertButton.png in Resources */,
				77FC259A194B68260002F4D1 /* Images.xcassets in Resources */,
				CFF12C9B185B0E480092E95D /* TableViewAlertButton@2x.png in Resources */,
				CFF12C9C185B0E480092E95D /* TableViewAlertButtonPressed.png in Resources */,
				CFF12C9D185B0E480092E95D /* TableViewAlertButtonPressed@2x.png in Resources */,
				CFF12C9E185B0E480092E95D /* TableViewAlertShadowMask.png in Resources */,
				CFF12C9F185B0E480092E95D /* TableViewAlertShadowMask@2x.png in Resources */,
				CF264208185B219D00EC0995 /* BleLogo.png in Resources */,
				CF26420A185B219D00EC0995 /* Default-568h@2x.png in Resources */,
				CF26420D185B219D00EC0995 /* icon.png in Resources */,
				7771B9D61981B1B4008C77F0 /* logo40x40.png in Resources */,
				7442697B2365F4AC0030A6D2 /* DeviceViewController.xib in Resources */,
				CF26420E185B219D00EC0995 /* icon@2x.png in Resources */,
				CF26420F185B219D00EC0995 /* quintic logo.png in Resources */,
				7771B9D41981B166008C77F0 /* logo76x76.png in Resources */,
				7771B9D21981AEF4008C77F0 /* logo152x152.png in Resources */,
				D509E0FB18CEBC5D001FA6B2 /* LinearDimensionsLogo.png in Resources */,
				CF57644E185E8629003A36EE /* button.png in Resources */,
				CF57645A185E88ED003A36EE /* buttonB.png in Resources */,
				CF57645C185E890D003A36EE /* buttonR.png in Resources */,
				74588DCF236C9F5500FCA60D /* QBlueVoLEViewController.xib in Resources */,
				CF57645D185E9171003A36EE /* Default@2x.png in Resources */,
				CF61D0F4186179710021EBD4 /* voleMainBg.png in Resources */,
				CF61D0F618617A300021EBD4 /* navBar.png in Resources */,
				CFA007371862D5D1007FF5A8 /* Default.png in Resources */,
				CFA007391862D6A9007FF5A8 /* Default.png in Resources */,
				B0405EAD18BB2E8300DCE148 /* VoLE Demo-Info.plist in Resources */,
				B0405EB218BB303600DCE148 /* MainWindow.xib in Resources */,
				7771B9D81981B1B9008C77F0 /* logo80x80.png in Resources */,
				7771B9DA1981B20E008C77F0 /* logo29x29.png in Resources */,
			);
			runOnlyForDeploymentPostprocessing = 0;
		};
/* End PBXResourcesBuildPhase section */

/* Begin PBXSourcesBuildPhase section */
		76445A47166E505300C529E9 /* Sources */ = {
			isa = PBXSourcesBuildPhase;
			buildActionMask = 2147483647;
			files = (
				CFF12C8E185B0E480092E95D /* QBlueClient.m in Sources */,
				CFF12C8F185B0E480092E95D /* CustomAlertView.m in Sources */,
				74588DCE236C9F5500FCA60D /* QBlueVoLEViewController.m in Sources */,
				CFF12CA0185B0E480092E95D /* TableViewAlert.m in Sources */,
				7442697A2365F4AC0030A6D2 /* DeviceViewController.m in Sources */,
				D509E10618CEC4FC001FA6B2 /* GraphView1.m in Sources */,
				744269762365F2DF0030A6D2 /* Utils.m in Sources */,
				74426963236349FD0030A6D2 /* qppApiCtrl.m in Sources */,
				CFF12CB2185B0F6A0092E95D /* main.m in Sources */,
				7798F9321940EA770091463F /* GraphView2.m in Sources */,
				7442696B23649ABE0030A6D2 /* DevicesCtrl.m in Sources */,
				74426964236349FD0030A6D2 /* QppApi.m in Sources */,
				7442696823634D1A0030A6D2 /* QBleClient.m in Sources */,
				B0405EB018BB2F9C00DCE148 /* QBlueVoLEAppDelegate.m in Sources */,
			);
			runOnlyForDeploymentPostprocessing = 0;
		};
/* End PBXSourcesBuildPhase section */

/* Begin XCBuildConfiguration section */
		44B0267713F5D44000541EA5 /* Debug */ = {
			isa = XCBuildConfiguration;
			buildSettings = {
				ALWAYS_SEARCH_USER_PATHS = NO;
				CLANG_WARN_BOOL_CONVERSION = YES;
				CLANG_WARN_CONSTANT_CONVERSION = YES;
				CLANG_WARN_EMPTY_BODY = YES;
				CLANG_WARN_ENUM_CONVERSION = YES;
				CLANG_WARN_INT_CONVERSION = YES;
				CLANG_WARN_UNREACHABLE_CODE = YES;
				CLANG_WARN__DUPLICATE_METHOD_MATCH = YES;
				CODE_SIGN_IDENTITY = "iPhone Developer: david.schie@lineardimensions.com (D32F867SLA)";
				COPY_PHASE_STRIP = NO;
				ENABLE_STRICT_OBJC_MSGSEND = YES;
				ENABLE_TESTABILITY = YES;
				GCC_C_LANGUAGE_STANDARD = gnu99;
				GCC_DYNAMIC_NO_PIC = NO;
				GCC_ENABLE_OBJC_EXCEPTIONS = YES;
				GCC_NO_COMMON_BLOCKS = YES;
				GCC_OPTIMIZATION_LEVEL = 0;
				GCC_PREPROCESSOR_DEFINITIONS = (
					"DEBUG=1",
					"$(inherited)",
				);
				GCC_SYMBOLS_PRIVATE_EXTERN = NO;
				GCC_VERSION = com.apple.compilers.llvm.clang.1_0;
				GCC_WARN_64_TO_32_BIT_CONVERSION = YES;
				GCC_WARN_ABOUT_MISSING_NEWLINE = NO;
				GCC_WARN_ABOUT_MISSING_PROTOTYPES = YES;
				GCC_WARN_ABOUT_RETURN_TYPE = YES;
				GCC_WARN_UNDECLARED_SELECTOR = YES;
				GCC_WARN_UNINITIALIZED_AUTOS = YES;
				GCC_WARN_UNUSED_FUNCTION = YES;
				GCC_WARN_UNUSED_VARIABLE = YES;
				IPHONEOS_DEPLOYMENT_TARGET = 7.1;
				MACOSX_DEPLOYMENT_TARGET = 10.7;
				ONLY_ACTIVE_ARCH = YES;
				PROVISIONING_PROFILE = "46fe6d8d-398c-4e07-a062-992fe86dd6e6";
				SDKROOT = iphoneos;
				TARGETED_DEVICE_FAMILY = 2;
				VALIDATE_PRODUCT = YES;
			};
			name = Debug;
		};
		44B0267813F5D44000541EA5 /* Release */ = {
			isa = XCBuildConfiguration;
			buildSettings = {
				ALWAYS_SEARCH_USER_PATHS = NO;
				CLANG_WARN_BOOL_CONVERSION = YES;
				CLANG_WARN_CONSTANT_CONVERSION = YES;
				CLANG_WARN_EMPTY_BODY = YES;
				CLANG_WARN_ENUM_CONVERSION = YES;
				CLANG_WARN_INT_CONVERSION = YES;
				CLANG_WARN_UNREACHABLE_CODE = YES;
				CLANG_WARN__DUPLICATE_METHOD_MATCH = YES;
				CODE_SIGN_IDENTITY = "iPhone Developer: david.schie@lineardimensions.com (D32F867SLA)";
				COPY_PHASE_STRIP = YES;
				DEBUG_INFORMATION_FORMAT = "dwarf-with-dsym";
				ENABLE_STRICT_OBJC_MSGSEND = YES;
				GCC_C_LANGUAGE_STANDARD = gnu99;
				GCC_ENABLE_OBJC_EXCEPTIONS = YES;
				GCC_NO_COMMON_BLOCKS = YES;
				GCC_VERSION = com.apple.compilers.llvm.clang.1_0;
				GCC_WARN_64_TO_32_BIT_CONVERSION = YES;
				GCC_WARN_ABOUT_MISSING_NEWLINE = NO;
				GCC_WARN_ABOUT_MISSING_PROTOTYPES = YES;
				GCC_WARN_ABOUT_RETURN_TYPE = YES;
				GCC_WARN_UNDECLARED_SELECTOR = YES;
				GCC_WARN_UNINITIALIZED_AUTOS = YES;
				GCC_WARN_UNUSED_FUNCTION = YES;
				GCC_WARN_UNUSED_VARIABLE = YES;
				IPHONEOS_DEPLOYMENT_TARGET = 7.1;
				MACOSX_DEPLOYMENT_TARGET = 10.7;
				ONLY_ACTIVE_ARCH = YES;
				PROVISIONING_PROFILE = "46fe6d8d-398c-4e07-a062-992fe86dd6e6";
				SDKROOT = iphoneos;
				TARGETED_DEVICE_FAMILY = 2;
				VALIDATE_PRODUCT = YES;
			};
			name = Release;
		};
		76445A65166E505300C529E9 /* Debug */ = {
			isa = XCBuildConfiguration;
			buildSettings = {
				ASSETCATALOG_COMPILER_LAUNCHIMAGE_NAME = LaunchImage;
				CLANG_CXX_LANGUAGE_STANDARD = "gnu++0x";
				CLANG_CXX_LIBRARY = "libc++";
				CLANG_ENABLE_OBJC_ARC = YES;
				CLANG_WARN_EMPTY_BODY = YES;
				CLANG_WARN__DUPLICATE_METHOD_MATCH = YES;
				CODE_SIGN_IDENTITY = "iPhone Developer";
				"CODE_SIGN_IDENTITY[sdk=*]" = "iPhone Distribution: LINEAR DIMENSIONS SEMICONDUCTOR INC. (3MP4835RCD)";
				"CODE_SIGN_IDENTITY[sdk=iphoneos*]" = "iPhone Developer";
				DEVELOPMENT_TEAM = 42V3K896X5;
				FRAMEWORK_SEARCH_PATHS = (
					"$(inherited)",
					"\"$(SYSTEM_APPS_DIR)/Xcode.app/Contents/Developer/Library/Frameworks\"",
				);
				GCC_PRECOMPILE_PREFIX_HEADER = YES;
				GCC_PREFIX_HEADER = "Src/SupportingFiles/VoLE Demo-Prefix.pch";
				GCC_WARN_UNINITIALIZED_AUTOS = YES;
				INFOPLIST_FILE = "$(SRCROOT)/src/SupportingFiles/VoLE Demo-Info.plist";
				IPHONEOS_DEPLOYMENT_TARGET = 8.0;
				PRODUCT_BUNDLE_IDENTIFIER = com.lineardimensions.test16;
				PRODUCT_NAME = Extract;
				PROVISIONING_PROFILE = "";
				"PROVISIONING_PROFILE[sdk=*]" = "";
				SDKROOT = iphoneos;
				TARGETED_DEVICE_FAMILY = "1,2";
				VALIDATE_PRODUCT = NO;
				WRAPPER_EXTENSION = app;
			};
			name = Debug;
		};
		76445A66166E505300C529E9 /* Release */ = {
			isa = XCBuildConfiguration;
			buildSettings = {
				ASSETCATALOG_COMPILER_LAUNCHIMAGE_NAME = LaunchImage;
				CLANG_CXX_LANGUAGE_STANDARD = "gnu++0x";
				CLANG_CXX_LIBRARY = "libc++";
				CLANG_ENABLE_OBJC_ARC = YES;
				CLANG_WARN_EMPTY_BODY = YES;
				CLANG_WARN__DUPLICATE_METHOD_MATCH = YES;
				CODE_SIGN_IDENTITY = "iPhone Developer";
				"CODE_SIGN_IDENTITY[sdk=*]" = "";
				"CODE_SIGN_IDENTITY[sdk=iphoneos*]" = "iPhone Developer";
				DEVELOPMENT_TEAM = 42V3K896X5;
				FRAMEWORK_SEARCH_PATHS = (
					"$(inherited)",
					"\"$(SYSTEM_APPS_DIR)/Xcode.app/Contents/Developer/Library/Frameworks\"",
				);
				GCC_PRECOMPILE_PREFIX_HEADER = YES;
				GCC_PREFIX_HEADER = "Src/SupportingFiles/VoLE Demo-Prefix.pch";
				GCC_WARN_UNINITIALIZED_AUTOS = YES;
				INFOPLIST_FILE = "$(SRCROOT)/src/SupportingFiles/VoLE Demo-Info.plist";
				IPHONEOS_DEPLOYMENT_TARGET = 8.0;
				OTHER_CFLAGS = "-DNS_BLOCK_ASSERTIONS=1";
				PRODUCT_BUNDLE_IDENTIFIER = com.lineardimensions.test16;
				PRODUCT_NAME = Extract;
				PROVISIONING_PROFILE = "";
				"PROVISIONING_PROFILE[sdk=*]" = "";
				SDKROOT = iphoneos;
				TARGETED_DEVICE_FAMILY = "1,2";
				VALIDATE_PRODUCT = YES;
				WRAPPER_EXTENSION = app;
			};
			name = Release;
		};
/* End XCBuildConfiguration section */

/* Begin XCConfigurationList section */
		44B0264013F5D44000541EA5 /* Build configuration list for PBXProject "VoLE Demo" */ = {
			isa = XCConfigurationList;
			buildConfigurations = (
				44B0267713F5D44000541EA5 /* Debug */,
				44B0267813F5D44000541EA5 /* Release */,
			);
			defaultConfigurationIsVisible = 0;
			defaultConfigurationName = Release;
		};
		76445A67166E505300C529E9 /* Build configuration list for PBXNativeTarget "VoLE Demo" */ = {
			isa = XCConfigurationList;
			buildConfigurations = (
				76445A65166E505300C529E9 /* Debug */,
				76445A66166E505300C529E9 /* Release */,
			);
			defaultConfigurationIsVisible = 0;
			defaultConfigurationName = Release;
		};
/* End XCConfigurationList section */
	};
	rootObject = 44B0263D13F5D44000541EA5 /* Project object */;
}
